
Microsoft Visual Studio Solution File, Format Version 12.00
# Visual Studio 14
VisualStudioVersion = 14.0.25420.1
MinimumVisualStudioVersion = 10.0.40219.1
Project("{E24C65DC-7377-472B-9ABA-BC803B73C61A}") = "PCC-SPC Dashboard", "..\..\WebSites\PCC-SPC Dashboard\", "{E7EEBADE-F6AC-4812-A9FC-C456960A985C}"
	ProjectSection(WebsiteProperties) = preProject
		TargetFrameworkMoniker = ".NETFramework,Version%3Dv4.0"
		Debug.AspNetCompiler.VirtualPath = "/localhost_63924"
		Debug.AspNetCompiler.PhysicalPath = "..\..\WebSites\PCC-SPC Dashboard\"
		Debug.AspNetCompiler.TargetPath = "PrecompiledWeb\localhost_63924\"
		Debug.AspNetCompiler.Updateable = "true"
		Debug.AspNetCompiler.ForceOverwrite = "true"
		Debug.AspNetCompiler.FixedNames = "false"
		Debug.AspNetCompiler.Debug = "True"
		Release.AspNetCompiler.VirtualPath = "/localhost_63924"
		Release.AspNetCompiler.PhysicalPath = "..\..\WebSites\PCC-SPC Dashboard\"
		Release.AspNetCompiler.TargetPath = "PrecompiledWeb\localhost_63924\"
		Release.AspNetCompiler.Updateable = "true"
		Release.AspNetCompiler.ForceOverwrite = "true"
		Release.AspNetCompiler.FixedNames = "false"
		Release.AspNetCompiler.Debug = "False"
		VWDPort = "63924"
		SlnRelativePath = "..\..\WebSites\PCC-SPC Dashboard\"
		DefaultWebSiteLanguage = "Visual C#"
	EndProjectSection
EndProject
Global
	GlobalSection(SolutionConfigurationPlatforms) = preSolution
		Debug|Any CPU = Debug|Any CPU
	EndGlobalSection
	GlobalSection(ProjectConfigurationPlatforms) = postSolution
		{E7EEBADE-F6AC-4812-A9FC-C456960A985C}.Debug|Any CPU.ActiveCfg = Debug|Any CPU
		{E7EEBADE-F6AC-4812-A9FC-C456960A985C}.Debug|Any CPU.Build.0 = Debug|Any CPU
	EndGlobalSection
	GlobalSection(SolutionProperties) = preSolution
		HideSolutionNode = FALSE
	EndGlobalSection
EndGlobal
